
Microsoft Visual Studio Solution File, Format Version 12.00
# Visual Studio 15
VisualStudioVersion = 15.0.28010.2016
MinimumVisualStudioVersion = 10.0.40219.1
Project("{9A19103F-16F7-4668-BE54-9A1E7A4F7556}") = "ProjAndre", "ProjAndre\ProjAndre.csproj", "{8946D600-C7FB-4A86-96E6-38FE229DBCB6}"
EndProject
Project("{FAE04EC0-301F-11D3-BF4B-00C04F79EFBC}") = "LaboratorioMVC", "LaboratorioMVC\LaboratorioMVC.csproj", "{6FF45C50-50A1-497D-A3C7-966ABFF56B0F}"
EndProject
Global
	GlobalSection(SolutionConfigurationPlatforms) = preSolution
		Debug|Any CPU = Debug|Any CPU
		Release|Any CPU = Release|Any CPU
	EndGlobalSection
	GlobalSection(ProjectConfigurationPlatforms) = postSolution
		{8946D600-C7FB-4A86-96E6-38FE229DBCB6}.Debug|Any CPU.ActiveCfg = Debug|Any CPU
		{8946D600-C7FB-4A86-96E6-38FE229DBCB6}.Debug|Any CPU.Build.0 = Debug|Any CPU
		{8946D600-C7FB-4A86-96E6-38FE229DBCB6}.Release|Any CPU.ActiveCfg = Release|Any CPU
		{8946D600-C7FB-4A86-96E6-38FE229DBCB6}.Release|Any CPU.Build.0 = Release|Any CPU
		{6FF45C50-50A1-497D-A3C7-966ABFF56B0F}.Debug|Any CPU.ActiveCfg = Debug|Any CPU
		{6FF45C50-50A1-497D-A3C7-966ABFF56B0F}.Debug|Any CPU.Build.0 = Debug|Any CPU
		{6FF45C50-50A1-497D-A3C7-966ABFF56B0F}.Release|Any CPU.ActiveCfg = Release|Any CPU
		{6FF45C50-50A1-497D-A3C7-966ABFF56B0F}.Release|Any CPU.Build.0 = Release|Any CPU
	EndGlobalSection
	GlobalSection(SolutionProperties) = preSolution
		HideSolutionNode = FALSE
	EndGlobalSection
	GlobalSection(ExtensibilityGlobals) = postSolution
		SolutionGuid = {6341575C-0DB4-4096-9B3C-70EC4E0B26B3}
	EndGlobalSection
EndGlobal
